# THIS IS AN AUTOGENERATED FILE. DO NOT EDIT THIS FILE DIRECTLY.
# yarn lockfile v1

d3
  version "0.0.0"
  resolved "https://github.com/d3/d3.git"

osquery:
  version "0.0.0"
  resolved "https://github.com/facebook/osquery.git"

keras:
  version "0.0.0"
  resolved "https://github.com/fchollet/keras.git"

swiftyJSON:
  version "0.0.0"
  resolved "https://github.com/SwiftyJSON/SwiftyJSON.git"

vundle.vim:
  version "0.0.0"
  resolved "https://github.com/VundleVim/Vundle.vim.git"